PODS:
  - DrawerController (1.1.0):
    - DrawerController/Core (= 1.1.0)
    - DrawerController/DrawerVisualStates (= 1.1.0)
  - DrawerController/Core (1.1.0)
  - DrawerController/DrawerVisualStates (1.1.0):
    - DrawerController/Core

DEPENDENCIES:
  - DrawerController

SPEC CHECKSUMS:
  DrawerController: 8fd56e6238399a08c4af054fbea0ef8669cd81f3

PODFILE CHECKSUM: b1447dc56c4c4d5be0056497f19c250d375b1a23

COCOAPODS: 1.0.1
